dependencies:
- name: redis
  repository: https://wildbeavers.github.io/beaver-deployment-application/
  version: 1.1.20
- name: postgresql
  repository: https://wildbeavers.github.io/beaver-deployment-application/
  version: 0.9.3
digest: sha256:1e71509c553ee149304fa0d6bd1cd6d0a6a19664e9e3e5afe81f971f0e98b6a1
generated: 2018-04-07T08:19:59.177051998+02:00
